
Microsoft Visual Studio Solution File, Format Version 12.00
# Visual Studio 14
VisualStudioVersion = 14.0.25123.0
MinimumVisualStudioVersion = 10.0.40219.1
Project("{FAE04EC0-301F-11D3-BF4B-00C04F79EFBC}") = "day2", "day2.csproj", "{F5BFE273-6BA1-4939-B878-2587C86EDD64}"
EndProject
Global
	GlobalSection(SolutionConfigurationPlatforms) = preSolution
		Debug|Any CPU = Debug|Any CPU
		Release|Any CPU = Release|Any CPU
	EndGlobalSection
	GlobalSection(ProjectConfigurationPlatforms) = postSolution
		{F5BFE273-6BA1-4939-B878-2587C86EDD64}.Debug|Any CPU.ActiveCfg = Debug|Any CPU
		{F5BFE273-6BA1-4939-B878-2587C86EDD64}.Debug|Any CPU.Build.0 = Debug|Any CPU
		{F5BFE273-6BA1-4939-B878-2587C86EDD64}.Release|Any CPU.ActiveCfg = Release|Any CPU
		{F5BFE273-6BA1-4939-B878-2587C86EDD64}.Release|Any CPU.Build.0 = Release|Any CPU
	EndGlobalSection
	GlobalSection(SolutionProperties) = preSolution
		HideSolutionNode = FALSE
	EndGlobalSection
EndGlobal
