
Microsoft Visual Studio Solution File, Format Version 12.00
# Visual Studio 14
VisualStudioVersion = 14.0.25123.0
MinimumVisualStudioVersion = 10.0.40219.1
Project("{FAE04EC0-301F-11D3-BF4B-00C04F79EFBC}") = "Day 1 No Time for a Taxicab", "Day 1 No Time for a Taxicab.csproj", "{6722FC6B-3B62-4DC1-B83F-28E472A455DF}"
EndProject
Global
	GlobalSection(SolutionConfigurationPlatforms) = preSolution
		Debug|Any CPU = Debug|Any CPU
		Release|Any CPU = Release|Any CPU
	EndGlobalSection
	GlobalSection(ProjectConfigurationPlatforms) = postSolution
		{6722FC6B-3B62-4DC1-B83F-28E472A455DF}.Debug|Any CPU.ActiveCfg = Debug|Any CPU
		{6722FC6B-3B62-4DC1-B83F-28E472A455DF}.Debug|Any CPU.Build.0 = Debug|Any CPU
		{6722FC6B-3B62-4DC1-B83F-28E472A455DF}.Release|Any CPU.ActiveCfg = Release|Any CPU
		{6722FC6B-3B62-4DC1-B83F-28E472A455DF}.Release|Any CPU.Build.0 = Release|Any CPU
	EndGlobalSection
	GlobalSection(SolutionProperties) = preSolution
		HideSolutionNode = FALSE
	EndGlobalSection
EndGlobal
